
Microsoft Visual Studio Solution File, Format Version 12.00
# Visual Studio Version 17
VisualStudioVersion = 17.8.34330.188
MinimumVisualStudioVersion = 10.0.40219.1
Project("{9A19103F-16F7-4668-BE54-9A1E7A4F7556}") = "Hyperbar.Windows", "Hyperbar.Windows\Hyperbar.Windows.csproj", "{5C4824EE-23AB-495C-B55A-1F7C2A489698}"
EndProject
Project("{9A19103F-16F7-4668-BE54-9A1E7A4F7556}") = "Hyperbar.Windows.Controls", "Hyperbar.Windows.Controls\Hyperbar.Windows.Controls.csproj", "{48ECC6A3-94FF-405D-9DB5-46A725C1B117}"
EndProject
Project("{9A19103F-16F7-4668-BE54-9A1E7A4F7556}") = "Hyperbar", "Hyperbar\Hyperbar.csproj", "{E5795878-C7E3-4386-86FA-33681BCF8D5B}"
EndProject
Project("{9A19103F-16F7-4668-BE54-9A1E7A4F7556}") = "Hyperbar.Widget.Contextual", "Hyperbar.Windows.Contextual\Hyperbar.Widget.Contextual.csproj", "{C32D4073-2A9B-4257-8895-09951FAD8E7A}"
EndProject
Project("{9A19103F-16F7-4668-BE54-9A1E7A4F7556}") = "Hyperbar.Widget.Primary", "Hyperbar.Windows.Primary\Hyperbar.Widget.Primary.csproj", "{AFB8A3EB-8831-4041-AE05-3E0EF672887C}"
EndProject
Project("{9A19103F-16F7-4668-BE54-9A1E7A4F7556}") = "Hyperbar.Windows.UI", "Hyperbar.Windows.UI\Hyperbar.Windows.UI.csproj", "{ED489968-89A5-42B5-9FC3-20DCF5D78A5E}"
EndProject
Project("{9A19103F-16F7-4668-BE54-9A1E7A4F7556}") = "Hyperbar.Windows.Interop", "Hyperbar.Windows.Interop\Hyperbar.Windows.Interop.csproj", "{B64085FB-7B4E-48B9-BEE2-8F158A6CF697}"
EndProject
Global
	GlobalSection(SolutionConfigurationPlatforms) = preSolution
		Debug|Any CPU = Debug|Any CPU
		Debug|ARM64 = Debug|ARM64
		Debug|x64 = Debug|x64
		Debug|x86 = Debug|x86
		Release|Any CPU = Release|Any CPU
		Release|ARM64 = Release|ARM64
		Release|x64 = Release|x64
		Release|x86 = Release|x86
	EndGlobalSection
	GlobalSection(ProjectConfigurationPlatforms) = postSolution
		{5C4824EE-23AB-495C-B55A-1F7C2A489698}.Debug|Any CPU.ActiveCfg = Debug|x64
		{5C4824EE-23AB-495C-B55A-1F7C2A489698}.Debug|Any CPU.Build.0 = Debug|x64
		{5C4824EE-23AB-495C-B55A-1F7C2A489698}.Debug|Any CPU.Deploy.0 = Debug|x64
		{5C4824EE-23AB-495C-B55A-1F7C2A489698}.Debug|ARM64.ActiveCfg = Debug|ARM64
		{5C4824EE-23AB-495C-B55A-1F7C2A489698}.Debug|ARM64.Build.0 = Debug|ARM64
		{5C4824EE-23AB-495C-B55A-1F7C2A489698}.Debug|ARM64.Deploy.0 = Debug|ARM64
		{5C4824EE-23AB-495C-B55A-1F7C2A489698}.Debug|x64.ActiveCfg = Debug|x64
		{5C4824EE-23AB-495C-B55A-1F7C2A489698}.Debug|x64.Build.0 = Debug|x64
		{5C4824EE-23AB-495C-B55A-1F7C2A489698}.Debug|x64.Deploy.0 = Debug|x64
		{5C4824EE-23AB-495C-B55A-1F7C2A489698}.Debug|x86.ActiveCfg = Debug|x86
		{5C4824EE-23AB-495C-B55A-1F7C2A489698}.Debug|x86.Build.0 = Debug|x86
		{5C4824EE-23AB-495C-B55A-1F7C2A489698}.Debug|x86.Deploy.0 = Debug|x86
		{5C4824EE-23AB-495C-B55A-1F7C2A489698}.Release|Any CPU.ActiveCfg = Release|x64
		{5C4824EE-23AB-495C-B55A-1F7C2A489698}.Release|Any CPU.Build.0 = Release|x64
		{5C4824EE-23AB-495C-B55A-1F7C2A489698}.Release|Any CPU.Deploy.0 = Release|x64
		{5C4824EE-23AB-495C-B55A-1F7C2A489698}.Release|ARM64.ActiveCfg = Release|ARM64
		{5C4824EE-23AB-495C-B55A-1F7C2A489698}.Release|ARM64.Build.0 = Release|ARM64
		{5C4824EE-23AB-495C-B55A-1F7C2A489698}.Release|ARM64.Deploy.0 = Release|ARM64
		{5C4824EE-23AB-495C-B55A-1F7C2A489698}.Release|x64.ActiveCfg = Release|x64
		{5C4824EE-23AB-495C-B55A-1F7C2A489698}.Release|x64.Build.0 = Release|x64
		{5C4824EE-23AB-495C-B55A-1F7C2A489698}.Release|x64.Deploy.0 = Release|x64
		{5C4824EE-23AB-495C-B55A-1F7C2A489698}.Release|x86.ActiveCfg = Release|x86
		{5C4824EE-23AB-495C-B55A-1F7C2A489698}.Release|x86.Build.0 = Release|x86
		{5C4824EE-23AB-495C-B55A-1F7C2A489698}.Release|x86.Deploy.0 = Release|x86
		{48ECC6A3-94FF-405D-9DB5-46A725C1B117}.Debug|Any CPU.ActiveCfg = Debug|Any CPU
		{48ECC6A3-94FF-405D-9DB5-46A725C1B117}.Debug|Any CPU.Build.0 = Debug|Any CPU
		{48ECC6A3-94FF-405D-9DB5-46A725C1B117}.Debug|ARM64.ActiveCfg = Debug|Any CPU
		{48ECC6A3-94FF-405D-9DB5-46A725C1B117}.Debug|ARM64.Build.0 = Debug|Any CPU
		{48ECC6A3-94FF-405D-9DB5-46A725C1B117}.Debug|x64.ActiveCfg = Debug|Any CPU
		{48ECC6A3-94FF-405D-9DB5-46A725C1B117}.Debug|x64.Build.0 = Debug|Any CPU
		{48ECC6A3-94FF-405D-9DB5-46A725C1B117}.Debug|x86.ActiveCfg = Debug|Any CPU
		{48ECC6A3-94FF-405D-9DB5-46A725C1B117}.Debug|x86.Build.0 = Debug|Any CPU
		{48ECC6A3-94FF-405D-9DB5-46A725C1B117}.Release|Any CPU.ActiveCfg = Release|Any CPU
		{48ECC6A3-94FF-405D-9DB5-46A725C1B117}.Release|Any CPU.Build.0 = Release|Any CPU
		{48ECC6A3-94FF-405D-9DB5-46A725C1B117}.Release|ARM64.ActiveCfg = Release|Any CPU
		{48ECC6A3-94FF-405D-9DB5-46A725C1B117}.Release|ARM64.Build.0 = Release|Any CPU
		{48ECC6A3-94FF-405D-9DB5-46A725C1B117}.Release|x64.ActiveCfg = Release|Any CPU
		{48ECC6A3-94FF-405D-9DB5-46A725C1B117}.Release|x64.Build.0 = Release|Any CPU
		{48ECC6A3-94FF-405D-9DB5-46A725C1B117}.Release|x86.ActiveCfg = Release|Any CPU
		{48ECC6A3-94FF-405D-9DB5-46A725C1B117}.Release|x86.Build.0 = Release|Any CPU
		{E5795878-C7E3-4386-86FA-33681BCF8D5B}.Debug|Any CPU.ActiveCfg = Debug|Any CPU
		{E5795878-C7E3-4386-86FA-33681BCF8D5B}.Debug|Any CPU.Build.0 = Debug|Any CPU
		{E5795878-C7E3-4386-86FA-33681BCF8D5B}.Debug|ARM64.ActiveCfg = Debug|Any CPU
		{E5795878-C7E3-4386-86FA-33681BCF8D5B}.Debug|ARM64.Build.0 = Debug|Any CPU
		{E5795878-C7E3-4386-86FA-33681BCF8D5B}.Debug|x64.ActiveCfg = Debug|Any CPU
		{E5795878-C7E3-4386-86FA-33681BCF8D5B}.Debug|x64.Build.0 = Debug|Any CPU
		{E5795878-C7E3-4386-86FA-33681BCF8D5B}.Debug|x86.ActiveCfg = Debug|Any CPU
		{E5795878-C7E3-4386-86FA-33681BCF8D5B}.Debug|x86.Build.0 = Debug|Any CPU
		{E5795878-C7E3-4386-86FA-33681BCF8D5B}.Release|Any CPU.ActiveCfg = Release|Any CPU
		{E5795878-C7E3-4386-86FA-33681BCF8D5B}.Release|Any CPU.Build.0 = Release|Any CPU
		{E5795878-C7E3-4386-86FA-33681BCF8D5B}.Release|ARM64.ActiveCfg = Release|Any CPU
		{E5795878-C7E3-4386-86FA-33681BCF8D5B}.Release|ARM64.Build.0 = Release|Any CPU
		{E5795878-C7E3-4386-86FA-33681BCF8D5B}.Release|x64.ActiveCfg = Release|Any CPU
		{E5795878-C7E3-4386-86FA-33681BCF8D5B}.Release|x64.Build.0 = Release|Any CPU
		{E5795878-C7E3-4386-86FA-33681BCF8D5B}.Release|x86.ActiveCfg = Release|Any CPU
		{E5795878-C7E3-4386-86FA-33681BCF8D5B}.Release|x86.Build.0 = Release|Any CPU
		{C32D4073-2A9B-4257-8895-09951FAD8E7A}.Debug|Any CPU.ActiveCfg = Debug|Any CPU
		{C32D4073-2A9B-4257-8895-09951FAD8E7A}.Debug|Any CPU.Build.0 = Debug|Any CPU
		{C32D4073-2A9B-4257-8895-09951FAD8E7A}.Debug|ARM64.ActiveCfg = Debug|Any CPU
		{C32D4073-2A9B-4257-8895-09951FAD8E7A}.Debug|ARM64.Build.0 = Debug|Any CPU
		{C32D4073-2A9B-4257-8895-09951FAD8E7A}.Debug|x64.ActiveCfg = Debug|Any CPU
		{C32D4073-2A9B-4257-8895-09951FAD8E7A}.Debug|x64.Build.0 = Debug|Any CPU
		{C32D4073-2A9B-4257-8895-09951FAD8E7A}.Debug|x86.ActiveCfg = Debug|Any CPU
		{C32D4073-2A9B-4257-8895-09951FAD8E7A}.Debug|x86.Build.0 = Debug|Any CPU
		{C32D4073-2A9B-4257-8895-09951FAD8E7A}.Release|Any CPU.ActiveCfg = Release|Any CPU
		{C32D4073-2A9B-4257-8895-09951FAD8E7A}.Release|Any CPU.Build.0 = Release|Any CPU
		{C32D4073-2A9B-4257-8895-09951FAD8E7A}.Release|ARM64.ActiveCfg = Release|Any CPU
		{C32D4073-2A9B-4257-8895-09951FAD8E7A}.Release|ARM64.Build.0 = Release|Any CPU
		{C32D4073-2A9B-4257-8895-09951FAD8E7A}.Release|x64.ActiveCfg = Release|Any CPU
		{C32D4073-2A9B-4257-8895-09951FAD8E7A}.Release|x64.Build.0 = Release|Any CPU
		{C32D4073-2A9B-4257-8895-09951FAD8E7A}.Release|x86.ActiveCfg = Release|Any CPU
		{C32D4073-2A9B-4257-8895-09951FAD8E7A}.Release|x86.Build.0 = Release|Any CPU
		{AFB8A3EB-8831-4041-AE05-3E0EF672887C}.Debug|Any CPU.ActiveCfg = Debug|Any CPU
		{AFB8A3EB-8831-4041-AE05-3E0EF672887C}.Debug|Any CPU.Build.0 = Debug|Any CPU
		{AFB8A3EB-8831-4041-AE05-3E0EF672887C}.Debug|ARM64.ActiveCfg = Debug|Any CPU
		{AFB8A3EB-8831-4041-AE05-3E0EF672887C}.Debug|ARM64.Build.0 = Debug|Any CPU
		{AFB8A3EB-8831-4041-AE05-3E0EF672887C}.Debug|x64.ActiveCfg = Debug|Any CPU
		{AFB8A3EB-8831-4041-AE05-3E0EF672887C}.Debug|x64.Build.0 = Debug|Any CPU
		{AFB8A3EB-8831-4041-AE05-3E0EF672887C}.Debug|x86.ActiveCfg = Debug|Any CPU
		{AFB8A3EB-8831-4041-AE05-3E0EF672887C}.Debug|x86.Build.0 = Debug|Any CPU
		{AFB8A3EB-8831-4041-AE05-3E0EF672887C}.Release|Any CPU.ActiveCfg = Release|Any CPU
		{AFB8A3EB-8831-4041-AE05-3E0EF672887C}.Release|Any CPU.Build.0 = Release|Any CPU
		{AFB8A3EB-8831-4041-AE05-3E0EF672887C}.Release|ARM64.ActiveCfg = Release|Any CPU
		{AFB8A3EB-8831-4041-AE05-3E0EF672887C}.Release|ARM64.Build.0 = Release|Any CPU
		{AFB8A3EB-8831-4041-AE05-3E0EF672887C}.Release|x64.ActiveCfg = Release|Any CPU
		{AFB8A3EB-8831-4041-AE05-3E0EF672887C}.Release|x64.Build.0 = Release|Any CPU
		{AFB8A3EB-8831-4041-AE05-3E0EF672887C}.Release|x86.ActiveCfg = Release|Any CPU
		{AFB8A3EB-8831-4041-AE05-3E0EF672887C}.Release|x86.Build.0 = Release|Any CPU
		{ED489968-89A5-42B5-9FC3-20DCF5D78A5E}.Debug|Any CPU.ActiveCfg = Debug|Any CPU
		{ED489968-89A5-42B5-9FC3-20DCF5D78A5E}.Debug|Any CPU.Build.0 = Debug|Any CPU
		{ED489968-89A5-42B5-9FC3-20DCF5D78A5E}.Debug|ARM64.ActiveCfg = Debug|Any CPU
		{ED489968-89A5-42B5-9FC3-20DCF5D78A5E}.Debug|ARM64.Build.0 = Debug|Any CPU
		{ED489968-89A5-42B5-9FC3-20DCF5D78A5E}.Debug|x64.ActiveCfg = Debug|Any CPU
		{ED489968-89A5-42B5-9FC3-20DCF5D78A5E}.Debug|x64.Build.0 = Debug|Any CPU
		{ED489968-89A5-42B5-9FC3-20DCF5D78A5E}.Debug|x86.ActiveCfg = Debug|Any CPU
		{ED489968-89A5-42B5-9FC3-20DCF5D78A5E}.Debug|x86.Build.0 = Debug|Any CPU
		{ED489968-89A5-42B5-9FC3-20DCF5D78A5E}.Release|Any CPU.ActiveCfg = Release|Any CPU
		{ED489968-89A5-42B5-9FC3-20DCF5D78A5E}.Release|Any CPU.Build.0 = Release|Any CPU
		{ED489968-89A5-42B5-9FC3-20DCF5D78A5E}.Release|ARM64.ActiveCfg = Release|Any CPU
		{ED489968-89A5-42B5-9FC3-20DCF5D78A5E}.Release|ARM64.Build.0 = Release|Any CPU
		{ED489968-89A5-42B5-9FC3-20DCF5D78A5E}.Release|x64.ActiveCfg = Release|Any CPU
		{ED489968-89A5-42B5-9FC3-20DCF5D78A5E}.Release|x64.Build.0 = Release|Any CPU
		{ED489968-89A5-42B5-9FC3-20DCF5D78A5E}.Release|x86.ActiveCfg = Release|Any CPU
		{ED489968-89A5-42B5-9FC3-20DCF5D78A5E}.Release|x86.Build.0 = Release|Any CPU
		{B64085FB-7B4E-48B9-BEE2-8F158A6CF697}.Debug|Any CPU.ActiveCfg = Debug|Any CPU
		{B64085FB-7B4E-48B9-BEE2-8F158A6CF697}.Debug|Any CPU.Build.0 = Debug|Any CPU
		{B64085FB-7B4E-48B9-BEE2-8F158A6CF697}.Debug|ARM64.ActiveCfg = Debug|Any CPU
		{B64085FB-7B4E-48B9-BEE2-8F158A6CF697}.Debug|ARM64.Build.0 = Debug|Any CPU
		{B64085FB-7B4E-48B9-BEE2-8F158A6CF697}.Debug|x64.ActiveCfg = Debug|Any CPU
		{B64085FB-7B4E-48B9-BEE2-8F158A6CF697}.Debug|x64.Build.0 = Debug|Any CPU
		{B64085FB-7B4E-48B9-BEE2-8F158A6CF697}.Debug|x86.ActiveCfg = Debug|Any CPU
		{B64085FB-7B4E-48B9-BEE2-8F158A6CF697}.Debug|x86.Build.0 = Debug|Any CPU
		{B64085FB-7B4E-48B9-BEE2-8F158A6CF697}.Release|Any CPU.ActiveCfg = Release|Any CPU
		{B64085FB-7B4E-48B9-BEE2-8F158A6CF697}.Release|Any CPU.Build.0 = Release|Any CPU
		{B64085FB-7B4E-48B9-BEE2-8F158A6CF697}.Release|ARM64.ActiveCfg = Release|Any CPU
		{B64085FB-7B4E-48B9-BEE2-8F158A6CF697}.Release|ARM64.Build.0 = Release|Any CPU
		{B64085FB-7B4E-48B9-BEE2-8F158A6CF697}.Release|x64.ActiveCfg = Release|Any CPU
		{B64085FB-7B4E-48B9-BEE2-8F158A6CF697}.Release|x64.Build.0 = Release|Any CPU
		{B64085FB-7B4E-48B9-BEE2-8F158A6CF697}.Release|x86.ActiveCfg = Release|Any CPU
		{B64085FB-7B4E-48B9-BEE2-8F158A6CF697}.Release|x86.Build.0 = Release|Any CPU
	EndGlobalSection
	GlobalSection(SolutionProperties) = preSolution
		HideSolutionNode = FALSE
	EndGlobalSection
	GlobalSection(ExtensibilityGlobals) = postSolution
		SolutionGuid = {57977BCA-A89A-4D04-A700-3F8044CBA533}
	EndGlobalSection
EndGlobal
