
Microsoft Visual Studio Solution File, Format Version 12.00
# Visual Studio Version 17
VisualStudioVersion = 17.8.34330.188
MinimumVisualStudioVersion = 10.0.40219.1
Project("{9A19103F-16F7-4668-BE54-9A1E7A4F7556}") = "Hyperbar.Windows", "Hyperbar.Windows\Hyperbar.Windows.csproj", "{5C4824EE-23AB-495C-B55A-1F7C2A489698}"
EndProject
Project("{9A19103F-16F7-4668-BE54-9A1E7A4F7556}") = "Hyperbar", "Hyperbar\Hyperbar.csproj", "{E5795878-C7E3-4386-86FA-33681BCF8D5B}"
EndProject
Project("{9A19103F-16F7-4668-BE54-9A1E7A4F7556}") = "Hyperbar.Widget", "Hyperbar.Widget\Hyperbar.Widget.csproj", "{D38F95E6-744B-45DB-AF67-F331FB73615A}"
EndProject
Project("{9A19103F-16F7-4668-BE54-9A1E7A4F7556}") = "Hyperbar.Controls.Windows", "Hyperbar.Controls.Windows\Hyperbar.Controls.Windows.csproj", "{9D3C89EB-E4C6-4CC0-877C-EB5FC8A18F6C}"
EndProject
Project("{9A19103F-16F7-4668-BE54-9A1E7A4F7556}") = "Hyperbar.Interop.Windows", "Hyperbar.Interop.Windows\Hyperbar.Interop.Windows.csproj", "{D3F45FD8-03BA-4F5C-AEE2-E2DDD3ED6993}"
EndProject
Project("{9A19103F-16F7-4668-BE54-9A1E7A4F7556}") = "Hyperbar.UI.Windows", "Hyperbar.UI.Windows\Hyperbar.UI.Windows.csproj", "{97077400-7513-451E-83CB-C876D6C4E40E}"
EndProject
Project("{9A19103F-16F7-4668-BE54-9A1E7A4F7556}") = "Hyperbar.Widget.Contextual.Windows", "Hyperbar.Widget.Contextual.Windows\Hyperbar.Widget.Contextual.Windows.csproj", "{FF57BDC8-6E6D-478A-8312-D946D7ED4BAB}"
EndProject
Project("{9A19103F-16F7-4668-BE54-9A1E7A4F7556}") = "Hyperbar.Widget.Primary.Windows", "Hyperbar.Widget.Primary.Windows\Hyperbar.Widget.Primary.Windows.csproj", "{4F2A7DDC-C841-45B8-A324-8A9BD949FBDF}"
EndProject
Project("{9A19103F-16F7-4668-BE54-9A1E7A4F7556}") = "Hyperbar.Widget.MediaController.Windows", "Hyperbar.Widget.MediaController.Windows\Hyperbar.Widget.MediaController.Windows.csproj", "{ACBB1C58-1DB6-40E1-ABF1-71F2D2F0EC73}"
EndProject
Project("{9A19103F-16F7-4668-BE54-9A1E7A4F7556}") = "Hyperbar.Widget.Windows", "Hyperbar.Widget.Windows\Hyperbar.Widget.Windows.csproj", "{E7322176-B67F-4A22-AFDB-7430A6AD44B6}"
EndProject
Project("{FAE04EC0-301F-11D3-BF4B-00C04F79EFBC}") = "App1", "App1\App1.csproj", "{AB161079-E1AA-4A9B-B64C-D27A68245A2C}"
EndProject
Global
	GlobalSection(SolutionConfigurationPlatforms) = preSolution
		Debug|Any CPU = Debug|Any CPU
		Debug|ARM64 = Debug|ARM64
		Debug|x64 = Debug|x64
		Debug|x86 = Debug|x86
		Release|Any CPU = Release|Any CPU
		Release|ARM64 = Release|ARM64
		Release|x64 = Release|x64
		Release|x86 = Release|x86
	EndGlobalSection
	GlobalSection(ProjectConfigurationPlatforms) = postSolution
		{5C4824EE-23AB-495C-B55A-1F7C2A489698}.Debug|Any CPU.ActiveCfg = Debug|x64
		{5C4824EE-23AB-495C-B55A-1F7C2A489698}.Debug|Any CPU.Build.0 = Debug|x64
		{5C4824EE-23AB-495C-B55A-1F7C2A489698}.Debug|Any CPU.Deploy.0 = Debug|x64
		{5C4824EE-23AB-495C-B55A-1F7C2A489698}.Debug|ARM64.ActiveCfg = Debug|ARM64
		{5C4824EE-23AB-495C-B55A-1F7C2A489698}.Debug|ARM64.Build.0 = Debug|ARM64
		{5C4824EE-23AB-495C-B55A-1F7C2A489698}.Debug|ARM64.Deploy.0 = Debug|ARM64
		{5C4824EE-23AB-495C-B55A-1F7C2A489698}.Debug|x64.ActiveCfg = Debug|x64
		{5C4824EE-23AB-495C-B55A-1F7C2A489698}.Debug|x64.Build.0 = Debug|x64
		{5C4824EE-23AB-495C-B55A-1F7C2A489698}.Debug|x64.Deploy.0 = Debug|x64
		{5C4824EE-23AB-495C-B55A-1F7C2A489698}.Debug|x86.ActiveCfg = Debug|x86
		{5C4824EE-23AB-495C-B55A-1F7C2A489698}.Debug|x86.Build.0 = Debug|x86
		{5C4824EE-23AB-495C-B55A-1F7C2A489698}.Debug|x86.Deploy.0 = Debug|x86
		{5C4824EE-23AB-495C-B55A-1F7C2A489698}.Release|Any CPU.ActiveCfg = Release|x64
		{5C4824EE-23AB-495C-B55A-1F7C2A489698}.Release|Any CPU.Build.0 = Release|x64
		{5C4824EE-23AB-495C-B55A-1F7C2A489698}.Release|Any CPU.Deploy.0 = Release|x64
		{5C4824EE-23AB-495C-B55A-1F7C2A489698}.Release|ARM64.ActiveCfg = Release|ARM64
		{5C4824EE-23AB-495C-B55A-1F7C2A489698}.Release|ARM64.Build.0 = Release|ARM64
		{5C4824EE-23AB-495C-B55A-1F7C2A489698}.Release|ARM64.Deploy.0 = Release|ARM64
		{5C4824EE-23AB-495C-B55A-1F7C2A489698}.Release|x64.ActiveCfg = Release|x64
		{5C4824EE-23AB-495C-B55A-1F7C2A489698}.Release|x64.Build.0 = Release|x64
		{5C4824EE-23AB-495C-B55A-1F7C2A489698}.Release|x64.Deploy.0 = Release|x64
		{5C4824EE-23AB-495C-B55A-1F7C2A489698}.Release|x86.ActiveCfg = Release|x86
		{5C4824EE-23AB-495C-B55A-1F7C2A489698}.Release|x86.Build.0 = Release|x86
		{5C4824EE-23AB-495C-B55A-1F7C2A489698}.Release|x86.Deploy.0 = Release|x86
		{E5795878-C7E3-4386-86FA-33681BCF8D5B}.Debug|Any CPU.ActiveCfg = Debug|Any CPU
		{E5795878-C7E3-4386-86FA-33681BCF8D5B}.Debug|Any CPU.Build.0 = Debug|Any CPU
		{E5795878-C7E3-4386-86FA-33681BCF8D5B}.Debug|ARM64.ActiveCfg = Debug|Any CPU
		{E5795878-C7E3-4386-86FA-33681BCF8D5B}.Debug|ARM64.Build.0 = Debug|Any CPU
		{E5795878-C7E3-4386-86FA-33681BCF8D5B}.Debug|x64.ActiveCfg = Debug|Any CPU
		{E5795878-C7E3-4386-86FA-33681BCF8D5B}.Debug|x64.Build.0 = Debug|Any CPU
		{E5795878-C7E3-4386-86FA-33681BCF8D5B}.Debug|x86.ActiveCfg = Debug|Any CPU
		{E5795878-C7E3-4386-86FA-33681BCF8D5B}.Debug|x86.Build.0 = Debug|Any CPU
		{E5795878-C7E3-4386-86FA-33681BCF8D5B}.Release|Any CPU.ActiveCfg = Release|Any CPU
		{E5795878-C7E3-4386-86FA-33681BCF8D5B}.Release|Any CPU.Build.0 = Release|Any CPU
		{E5795878-C7E3-4386-86FA-33681BCF8D5B}.Release|ARM64.ActiveCfg = Release|Any CPU
		{E5795878-C7E3-4386-86FA-33681BCF8D5B}.Release|ARM64.Build.0 = Release|Any CPU
		{E5795878-C7E3-4386-86FA-33681BCF8D5B}.Release|x64.ActiveCfg = Release|Any CPU
		{E5795878-C7E3-4386-86FA-33681BCF8D5B}.Release|x64.Build.0 = Release|Any CPU
		{E5795878-C7E3-4386-86FA-33681BCF8D5B}.Release|x86.ActiveCfg = Release|Any CPU
		{E5795878-C7E3-4386-86FA-33681BCF8D5B}.Release|x86.Build.0 = Release|Any CPU
		{D38F95E6-744B-45DB-AF67-F331FB73615A}.Debug|Any CPU.ActiveCfg = Debug|Any CPU
		{D38F95E6-744B-45DB-AF67-F331FB73615A}.Debug|Any CPU.Build.0 = Debug|Any CPU
		{D38F95E6-744B-45DB-AF67-F331FB73615A}.Debug|ARM64.ActiveCfg = Debug|Any CPU
		{D38F95E6-744B-45DB-AF67-F331FB73615A}.Debug|ARM64.Build.0 = Debug|Any CPU
		{D38F95E6-744B-45DB-AF67-F331FB73615A}.Debug|x64.ActiveCfg = Debug|Any CPU
		{D38F95E6-744B-45DB-AF67-F331FB73615A}.Debug|x64.Build.0 = Debug|Any CPU
		{D38F95E6-744B-45DB-AF67-F331FB73615A}.Debug|x86.ActiveCfg = Debug|Any CPU
		{D38F95E6-744B-45DB-AF67-F331FB73615A}.Debug|x86.Build.0 = Debug|Any CPU
		{D38F95E6-744B-45DB-AF67-F331FB73615A}.Release|Any CPU.ActiveCfg = Release|Any CPU
		{D38F95E6-744B-45DB-AF67-F331FB73615A}.Release|Any CPU.Build.0 = Release|Any CPU
		{D38F95E6-744B-45DB-AF67-F331FB73615A}.Release|ARM64.ActiveCfg = Release|Any CPU
		{D38F95E6-744B-45DB-AF67-F331FB73615A}.Release|ARM64.Build.0 = Release|Any CPU
		{D38F95E6-744B-45DB-AF67-F331FB73615A}.Release|x64.ActiveCfg = Release|Any CPU
		{D38F95E6-744B-45DB-AF67-F331FB73615A}.Release|x64.Build.0 = Release|Any CPU
		{D38F95E6-744B-45DB-AF67-F331FB73615A}.Release|x86.ActiveCfg = Release|Any CPU
		{D38F95E6-744B-45DB-AF67-F331FB73615A}.Release|x86.Build.0 = Release|Any CPU
		{9D3C89EB-E4C6-4CC0-877C-EB5FC8A18F6C}.Debug|Any CPU.ActiveCfg = Debug|Any CPU
		{9D3C89EB-E4C6-4CC0-877C-EB5FC8A18F6C}.Debug|Any CPU.Build.0 = Debug|Any CPU
		{9D3C89EB-E4C6-4CC0-877C-EB5FC8A18F6C}.Debug|ARM64.ActiveCfg = Debug|Any CPU
		{9D3C89EB-E4C6-4CC0-877C-EB5FC8A18F6C}.Debug|ARM64.Build.0 = Debug|Any CPU
		{9D3C89EB-E4C6-4CC0-877C-EB5FC8A18F6C}.Debug|x64.ActiveCfg = Debug|Any CPU
		{9D3C89EB-E4C6-4CC0-877C-EB5FC8A18F6C}.Debug|x64.Build.0 = Debug|Any CPU
		{9D3C89EB-E4C6-4CC0-877C-EB5FC8A18F6C}.Debug|x86.ActiveCfg = Debug|Any CPU
		{9D3C89EB-E4C6-4CC0-877C-EB5FC8A18F6C}.Debug|x86.Build.0 = Debug|Any CPU
		{9D3C89EB-E4C6-4CC0-877C-EB5FC8A18F6C}.Release|Any CPU.ActiveCfg = Release|Any CPU
		{9D3C89EB-E4C6-4CC0-877C-EB5FC8A18F6C}.Release|Any CPU.Build.0 = Release|Any CPU
		{9D3C89EB-E4C6-4CC0-877C-EB5FC8A18F6C}.Release|ARM64.ActiveCfg = Release|Any CPU
		{9D3C89EB-E4C6-4CC0-877C-EB5FC8A18F6C}.Release|ARM64.Build.0 = Release|Any CPU
		{9D3C89EB-E4C6-4CC0-877C-EB5FC8A18F6C}.Release|x64.ActiveCfg = Release|Any CPU
		{9D3C89EB-E4C6-4CC0-877C-EB5FC8A18F6C}.Release|x64.Build.0 = Release|Any CPU
		{9D3C89EB-E4C6-4CC0-877C-EB5FC8A18F6C}.Release|x86.ActiveCfg = Release|Any CPU
		{9D3C89EB-E4C6-4CC0-877C-EB5FC8A18F6C}.Release|x86.Build.0 = Release|Any CPU
		{D3F45FD8-03BA-4F5C-AEE2-E2DDD3ED6993}.Debug|Any CPU.ActiveCfg = Debug|Any CPU
		{D3F45FD8-03BA-4F5C-AEE2-E2DDD3ED6993}.Debug|Any CPU.Build.0 = Debug|Any CPU
		{D3F45FD8-03BA-4F5C-AEE2-E2DDD3ED6993}.Debug|ARM64.ActiveCfg = Debug|Any CPU
		{D3F45FD8-03BA-4F5C-AEE2-E2DDD3ED6993}.Debug|ARM64.Build.0 = Debug|Any CPU
		{D3F45FD8-03BA-4F5C-AEE2-E2DDD3ED6993}.Debug|x64.ActiveCfg = Debug|Any CPU
		{D3F45FD8-03BA-4F5C-AEE2-E2DDD3ED6993}.Debug|x64.Build.0 = Debug|Any CPU
		{D3F45FD8-03BA-4F5C-AEE2-E2DDD3ED6993}.Debug|x86.ActiveCfg = Debug|Any CPU
		{D3F45FD8-03BA-4F5C-AEE2-E2DDD3ED6993}.Debug|x86.Build.0 = Debug|Any CPU
		{D3F45FD8-03BA-4F5C-AEE2-E2DDD3ED6993}.Release|Any CPU.ActiveCfg = Release|Any CPU
		{D3F45FD8-03BA-4F5C-AEE2-E2DDD3ED6993}.Release|Any CPU.Build.0 = Release|Any CPU
		{D3F45FD8-03BA-4F5C-AEE2-E2DDD3ED6993}.Release|ARM64.ActiveCfg = Release|Any CPU
		{D3F45FD8-03BA-4F5C-AEE2-E2DDD3ED6993}.Release|ARM64.Build.0 = Release|Any CPU
		{D3F45FD8-03BA-4F5C-AEE2-E2DDD3ED6993}.Release|x64.ActiveCfg = Release|Any CPU
		{D3F45FD8-03BA-4F5C-AEE2-E2DDD3ED6993}.Release|x64.Build.0 = Release|Any CPU
		{D3F45FD8-03BA-4F5C-AEE2-E2DDD3ED6993}.Release|x86.ActiveCfg = Release|Any CPU
		{D3F45FD8-03BA-4F5C-AEE2-E2DDD3ED6993}.Release|x86.Build.0 = Release|Any CPU
		{97077400-7513-451E-83CB-C876D6C4E40E}.Debug|Any CPU.ActiveCfg = Debug|Any CPU
		{97077400-7513-451E-83CB-C876D6C4E40E}.Debug|Any CPU.Build.0 = Debug|Any CPU
		{97077400-7513-451E-83CB-C876D6C4E40E}.Debug|ARM64.ActiveCfg = Debug|Any CPU
		{97077400-7513-451E-83CB-C876D6C4E40E}.Debug|ARM64.Build.0 = Debug|Any CPU
		{97077400-7513-451E-83CB-C876D6C4E40E}.Debug|x64.ActiveCfg = Debug|Any CPU
		{97077400-7513-451E-83CB-C876D6C4E40E}.Debug|x64.Build.0 = Debug|Any CPU
		{97077400-7513-451E-83CB-C876D6C4E40E}.Debug|x86.ActiveCfg = Debug|Any CPU
		{97077400-7513-451E-83CB-C876D6C4E40E}.Debug|x86.Build.0 = Debug|Any CPU
		{97077400-7513-451E-83CB-C876D6C4E40E}.Release|Any CPU.ActiveCfg = Release|Any CPU
		{97077400-7513-451E-83CB-C876D6C4E40E}.Release|Any CPU.Build.0 = Release|Any CPU
		{97077400-7513-451E-83CB-C876D6C4E40E}.Release|ARM64.ActiveCfg = Release|Any CPU
		{97077400-7513-451E-83CB-C876D6C4E40E}.Release|ARM64.Build.0 = Release|Any CPU
		{97077400-7513-451E-83CB-C876D6C4E40E}.Release|x64.ActiveCfg = Release|Any CPU
		{97077400-7513-451E-83CB-C876D6C4E40E}.Release|x64.Build.0 = Release|Any CPU
		{97077400-7513-451E-83CB-C876D6C4E40E}.Release|x86.ActiveCfg = Release|Any CPU
		{97077400-7513-451E-83CB-C876D6C4E40E}.Release|x86.Build.0 = Release|Any CPU
		{FF57BDC8-6E6D-478A-8312-D946D7ED4BAB}.Debug|Any CPU.ActiveCfg = Debug|Any CPU
		{FF57BDC8-6E6D-478A-8312-D946D7ED4BAB}.Debug|Any CPU.Build.0 = Debug|Any CPU
		{FF57BDC8-6E6D-478A-8312-D946D7ED4BAB}.Debug|ARM64.ActiveCfg = Debug|Any CPU
		{FF57BDC8-6E6D-478A-8312-D946D7ED4BAB}.Debug|ARM64.Build.0 = Debug|Any CPU
		{FF57BDC8-6E6D-478A-8312-D946D7ED4BAB}.Debug|x64.ActiveCfg = Debug|Any CPU
		{FF57BDC8-6E6D-478A-8312-D946D7ED4BAB}.Debug|x64.Build.0 = Debug|Any CPU
		{FF57BDC8-6E6D-478A-8312-D946D7ED4BAB}.Debug|x86.ActiveCfg = Debug|Any CPU
		{FF57BDC8-6E6D-478A-8312-D946D7ED4BAB}.Debug|x86.Build.0 = Debug|Any CPU
		{FF57BDC8-6E6D-478A-8312-D946D7ED4BAB}.Release|Any CPU.ActiveCfg = Release|Any CPU
		{FF57BDC8-6E6D-478A-8312-D946D7ED4BAB}.Release|Any CPU.Build.0 = Release|Any CPU
		{FF57BDC8-6E6D-478A-8312-D946D7ED4BAB}.Release|ARM64.ActiveCfg = Release|Any CPU
		{FF57BDC8-6E6D-478A-8312-D946D7ED4BAB}.Release|ARM64.Build.0 = Release|Any CPU
		{FF57BDC8-6E6D-478A-8312-D946D7ED4BAB}.Release|x64.ActiveCfg = Release|Any CPU
		{FF57BDC8-6E6D-478A-8312-D946D7ED4BAB}.Release|x64.Build.0 = Release|Any CPU
		{FF57BDC8-6E6D-478A-8312-D946D7ED4BAB}.Release|x86.ActiveCfg = Release|Any CPU
		{FF57BDC8-6E6D-478A-8312-D946D7ED4BAB}.Release|x86.Build.0 = Release|Any CPU
		{4F2A7DDC-C841-45B8-A324-8A9BD949FBDF}.Debug|Any CPU.ActiveCfg = Debug|Any CPU
		{4F2A7DDC-C841-45B8-A324-8A9BD949FBDF}.Debug|Any CPU.Build.0 = Debug|Any CPU
		{4F2A7DDC-C841-45B8-A324-8A9BD949FBDF}.Debug|ARM64.ActiveCfg = Debug|Any CPU
		{4F2A7DDC-C841-45B8-A324-8A9BD949FBDF}.Debug|ARM64.Build.0 = Debug|Any CPU
		{4F2A7DDC-C841-45B8-A324-8A9BD949FBDF}.Debug|x64.ActiveCfg = Debug|Any CPU
		{4F2A7DDC-C841-45B8-A324-8A9BD949FBDF}.Debug|x64.Build.0 = Debug|Any CPU
		{4F2A7DDC-C841-45B8-A324-8A9BD949FBDF}.Debug|x86.ActiveCfg = Debug|Any CPU
		{4F2A7DDC-C841-45B8-A324-8A9BD949FBDF}.Debug|x86.Build.0 = Debug|Any CPU
		{4F2A7DDC-C841-45B8-A324-8A9BD949FBDF}.Release|Any CPU.ActiveCfg = Release|Any CPU
		{4F2A7DDC-C841-45B8-A324-8A9BD949FBDF}.Release|Any CPU.Build.0 = Release|Any CPU
		{4F2A7DDC-C841-45B8-A324-8A9BD949FBDF}.Release|ARM64.ActiveCfg = Release|Any CPU
		{4F2A7DDC-C841-45B8-A324-8A9BD949FBDF}.Release|ARM64.Build.0 = Release|Any CPU
		{4F2A7DDC-C841-45B8-A324-8A9BD949FBDF}.Release|x64.ActiveCfg = Release|Any CPU
		{4F2A7DDC-C841-45B8-A324-8A9BD949FBDF}.Release|x64.Build.0 = Release|Any CPU
		{4F2A7DDC-C841-45B8-A324-8A9BD949FBDF}.Release|x86.ActiveCfg = Release|Any CPU
		{4F2A7DDC-C841-45B8-A324-8A9BD949FBDF}.Release|x86.Build.0 = Release|Any CPU
		{ACBB1C58-1DB6-40E1-ABF1-71F2D2F0EC73}.Debug|Any CPU.ActiveCfg = Debug|Any CPU
		{ACBB1C58-1DB6-40E1-ABF1-71F2D2F0EC73}.Debug|Any CPU.Build.0 = Debug|Any CPU
		{ACBB1C58-1DB6-40E1-ABF1-71F2D2F0EC73}.Debug|ARM64.ActiveCfg = Debug|Any CPU
		{ACBB1C58-1DB6-40E1-ABF1-71F2D2F0EC73}.Debug|ARM64.Build.0 = Debug|Any CPU
		{ACBB1C58-1DB6-40E1-ABF1-71F2D2F0EC73}.Debug|x64.ActiveCfg = Debug|Any CPU
		{ACBB1C58-1DB6-40E1-ABF1-71F2D2F0EC73}.Debug|x64.Build.0 = Debug|Any CPU
		{ACBB1C58-1DB6-40E1-ABF1-71F2D2F0EC73}.Debug|x86.ActiveCfg = Debug|Any CPU
		{ACBB1C58-1DB6-40E1-ABF1-71F2D2F0EC73}.Debug|x86.Build.0 = Debug|Any CPU
		{ACBB1C58-1DB6-40E1-ABF1-71F2D2F0EC73}.Release|Any CPU.ActiveCfg = Release|Any CPU
		{ACBB1C58-1DB6-40E1-ABF1-71F2D2F0EC73}.Release|Any CPU.Build.0 = Release|Any CPU
		{ACBB1C58-1DB6-40E1-ABF1-71F2D2F0EC73}.Release|ARM64.ActiveCfg = Release|Any CPU
		{ACBB1C58-1DB6-40E1-ABF1-71F2D2F0EC73}.Release|ARM64.Build.0 = Release|Any CPU
		{ACBB1C58-1DB6-40E1-ABF1-71F2D2F0EC73}.Release|x64.ActiveCfg = Release|Any CPU
		{ACBB1C58-1DB6-40E1-ABF1-71F2D2F0EC73}.Release|x64.Build.0 = Release|Any CPU
		{ACBB1C58-1DB6-40E1-ABF1-71F2D2F0EC73}.Release|x86.ActiveCfg = Release|Any CPU
		{ACBB1C58-1DB6-40E1-ABF1-71F2D2F0EC73}.Release|x86.Build.0 = Release|Any CPU
		{E7322176-B67F-4A22-AFDB-7430A6AD44B6}.Debug|Any CPU.ActiveCfg = Debug|Any CPU
		{E7322176-B67F-4A22-AFDB-7430A6AD44B6}.Debug|Any CPU.Build.0 = Debug|Any CPU
		{E7322176-B67F-4A22-AFDB-7430A6AD44B6}.Debug|ARM64.ActiveCfg = Debug|Any CPU
		{E7322176-B67F-4A22-AFDB-7430A6AD44B6}.Debug|ARM64.Build.0 = Debug|Any CPU
		{E7322176-B67F-4A22-AFDB-7430A6AD44B6}.Debug|x64.ActiveCfg = Debug|Any CPU
		{E7322176-B67F-4A22-AFDB-7430A6AD44B6}.Debug|x64.Build.0 = Debug|Any CPU
		{E7322176-B67F-4A22-AFDB-7430A6AD44B6}.Debug|x86.ActiveCfg = Debug|Any CPU
		{E7322176-B67F-4A22-AFDB-7430A6AD44B6}.Debug|x86.Build.0 = Debug|Any CPU
		{E7322176-B67F-4A22-AFDB-7430A6AD44B6}.Release|Any CPU.ActiveCfg = Release|Any CPU
		{E7322176-B67F-4A22-AFDB-7430A6AD44B6}.Release|Any CPU.Build.0 = Release|Any CPU
		{E7322176-B67F-4A22-AFDB-7430A6AD44B6}.Release|ARM64.ActiveCfg = Release|Any CPU
		{E7322176-B67F-4A22-AFDB-7430A6AD44B6}.Release|ARM64.Build.0 = Release|Any CPU
		{E7322176-B67F-4A22-AFDB-7430A6AD44B6}.Release|x64.ActiveCfg = Release|Any CPU
		{E7322176-B67F-4A22-AFDB-7430A6AD44B6}.Release|x64.Build.0 = Release|Any CPU
		{E7322176-B67F-4A22-AFDB-7430A6AD44B6}.Release|x86.ActiveCfg = Release|Any CPU
		{E7322176-B67F-4A22-AFDB-7430A6AD44B6}.Release|x86.Build.0 = Release|Any CPU
		{AB161079-E1AA-4A9B-B64C-D27A68245A2C}.Debug|Any CPU.ActiveCfg = Debug|x64
		{AB161079-E1AA-4A9B-B64C-D27A68245A2C}.Debug|Any CPU.Build.0 = Debug|x64
		{AB161079-E1AA-4A9B-B64C-D27A68245A2C}.Debug|Any CPU.Deploy.0 = Debug|x64
		{AB161079-E1AA-4A9B-B64C-D27A68245A2C}.Debug|ARM64.ActiveCfg = Debug|ARM64
		{AB161079-E1AA-4A9B-B64C-D27A68245A2C}.Debug|ARM64.Build.0 = Debug|ARM64
		{AB161079-E1AA-4A9B-B64C-D27A68245A2C}.Debug|ARM64.Deploy.0 = Debug|ARM64
		{AB161079-E1AA-4A9B-B64C-D27A68245A2C}.Debug|x64.ActiveCfg = Debug|x64
		{AB161079-E1AA-4A9B-B64C-D27A68245A2C}.Debug|x64.Build.0 = Debug|x64
		{AB161079-E1AA-4A9B-B64C-D27A68245A2C}.Debug|x64.Deploy.0 = Debug|x64
		{AB161079-E1AA-4A9B-B64C-D27A68245A2C}.Debug|x86.ActiveCfg = Debug|x86
		{AB161079-E1AA-4A9B-B64C-D27A68245A2C}.Debug|x86.Build.0 = Debug|x86
		{AB161079-E1AA-4A9B-B64C-D27A68245A2C}.Debug|x86.Deploy.0 = Debug|x86
		{AB161079-E1AA-4A9B-B64C-D27A68245A2C}.Release|Any CPU.ActiveCfg = Release|x64
		{AB161079-E1AA-4A9B-B64C-D27A68245A2C}.Release|Any CPU.Build.0 = Release|x64
		{AB161079-E1AA-4A9B-B64C-D27A68245A2C}.Release|Any CPU.Deploy.0 = Release|x64
		{AB161079-E1AA-4A9B-B64C-D27A68245A2C}.Release|ARM64.ActiveCfg = Release|ARM64
		{AB161079-E1AA-4A9B-B64C-D27A68245A2C}.Release|ARM64.Build.0 = Release|ARM64
		{AB161079-E1AA-4A9B-B64C-D27A68245A2C}.Release|ARM64.Deploy.0 = Release|ARM64
		{AB161079-E1AA-4A9B-B64C-D27A68245A2C}.Release|x64.ActiveCfg = Release|x64
		{AB161079-E1AA-4A9B-B64C-D27A68245A2C}.Release|x64.Build.0 = Release|x64
		{AB161079-E1AA-4A9B-B64C-D27A68245A2C}.Release|x64.Deploy.0 = Release|x64
		{AB161079-E1AA-4A9B-B64C-D27A68245A2C}.Release|x86.ActiveCfg = Release|x86
		{AB161079-E1AA-4A9B-B64C-D27A68245A2C}.Release|x86.Build.0 = Release|x86
		{AB161079-E1AA-4A9B-B64C-D27A68245A2C}.Release|x86.Deploy.0 = Release|x86
	EndGlobalSection
	GlobalSection(SolutionProperties) = preSolution
		HideSolutionNode = FALSE
	EndGlobalSection
	GlobalSection(ExtensibilityGlobals) = postSolution
		SolutionGuid = {57977BCA-A89A-4D04-A700-3F8044CBA533}
	EndGlobalSection
EndGlobal
